
Microsoft Visual Studio Solution File, Format Version 12.00
# Visual Studio Version 17
VisualStudioVersion = 17.4.33205.214
MinimumVisualStudioVersion = 10.0.40219.1
Project("{FAE04EC0-301F-11D3-BF4B-00C04F79EFBC}") = "CSPractice2", "CSPractice2\CSPractice2.csproj", "{A6B9B40F-D715-4177-A3E6-FFFB44FB4A81}"
EndProject
Global
	GlobalSection(SolutionConfigurationPlatforms) = preSolution
		Debug|Any CPU = Debug|Any CPU
		Release|Any CPU = Release|Any CPU
	EndGlobalSection
	GlobalSection(ProjectConfigurationPlatforms) = postSolution
		{A6B9B40F-D715-4177-A3E6-FFFB44FB4A81}.Debug|Any CPU.ActiveCfg = Debug|Any CPU
		{A6B9B40F-D715-4177-A3E6-FFFB44FB4A81}.Debug|Any CPU.Build.0 = Debug|Any CPU
		{A6B9B40F-D715-4177-A3E6-FFFB44FB4A81}.Release|Any CPU.ActiveCfg = Release|Any CPU
		{A6B9B40F-D715-4177-A3E6-FFFB44FB4A81}.Release|Any CPU.Build.0 = Release|Any CPU
	EndGlobalSection
	GlobalSection(SolutionProperties) = preSolution
		HideSolutionNode = FALSE
	EndGlobalSection
	GlobalSection(ExtensibilityGlobals) = postSolution
		SolutionGuid = {4C9D2393-F176-41A7-994D-778C93D61204}
	EndGlobalSection
EndGlobal
